// !$*UTF8*$!
{
	archiveVersion = 1;
	classes = {
	};
	objectVersion = 56;
	objects = {

/* Begin PBXBuildFile section */
		AA0001001 /* CrossSumsApp.swift in Sources */ = {isa = PBXBuildFile; fileRef = AA0000001 /* CrossSumsApp.swift */; };
		AA0001002 /* MainMenuView.swift in Sources */ = {isa = PBXBuildFile; fileRef = AA0000002 /* MainMenuView.swift */; };
		AA0001003 /* Puzzle.swift in Sources */ = {isa = PBXBuildFile; fileRef = AA0000003 /* Puzzle.swift */; };
		AA0001004 /* PlayerProfile.swift in Sources */ = {isa = PBXBuildFile; fileRef = AA0000004 /* PlayerProfile.swift */; };
		AA0001005 /* GameState.swift in Sources */ = {isa = PBXBuildFile; fileRef = AA0000005 /* GameState.swift */; };
		AA0001006 /* GameViewModel.swift in Sources */ = {isa = PBXBuildFile; fileRef = AA0000006 /* GameViewModel.swift */; };
		AA0001007 /* PuzzleService.swift in Sources */ = {isa = PBXBuildFile; fileRef = AA0000007 /* PuzzleService.swift */; };
		AA0001008 /* PersistenceService.swift in Sources */ = {isa = PBXBuildFile; fileRef = AA0000008 /* PersistenceService.swift */; };
		AA0001009 /* Assets.xcassets in Resources */ = {isa = PBXBuildFile; fileRef = AA0000009 /* Assets.xcassets */; };
		AA0001010 /* GameView.swift in Sources */ = {isa = PBXBuildFile; fileRef = AA0000012 /* GameView.swift */; };
		AA0001011 /* HelpView.swift in Sources */ = {isa = PBXBuildFile; fileRef = AA0000013 /* HelpView.swift */; };
		AA0001012 /* puzzles.json in Resources */ = {isa = PBXBuildFile; fileRef = AA0000014 /* puzzles.json */; };
		AA0001013 /* PuzzleCellView.swift in Sources */ = {isa = PBXBuildFile; fileRef = AA0000015 /* PuzzleCellView.swift */; };
		AA0001014 /* GridView.swift in Sources */ = {isa = PBXBuildFile; fileRef = AA0000016 /* GridView.swift */; };
		AA0001015 /* HUDView.swift in Sources */ = {isa = PBXBuildFile; fileRef = AA0000017 /* HUDView.swift */; };
		AA0001016 /* ControlsView.swift in Sources */ = {isa = PBXBuildFile; fileRef = AA0000018 /* ControlsView.swift */; };
		AA0001017 /* LevelCompleteView.swift in Sources */ = {isa = PBXBuildFile; fileRef = AA0000019 /* LevelCompleteView.swift */; };
/* End PBXBuildFile section */

/* Begin PBXFileReference section */
		AA0000001 /* CrossSumsApp.swift */ = {isa = PBXFileReference; lastKnownFileType = sourcecode.swift; path = CrossSumsApp.swift; sourceTree = "<group>"; };
		AA0000002 /* MainMenuView.swift */ = {isa = PBXFileReference; lastKnownFileType = sourcecode.swift; path = MainMenuView.swift; sourceTree = "<group>"; };
		AA0000003 /* Puzzle.swift */ = {isa = PBXFileReference; lastKnownFileType = sourcecode.swift; path = Puzzle.swift; sourceTree = "<group>"; };
		AA0000004 /* PlayerProfile.swift */ = {isa = PBXFileReference; lastKnownFileType = sourcecode.swift; path = PlayerProfile.swift; sourceTree = "<group>"; };
		AA0000005 /* GameState.swift */ = {isa = PBXFileReference; lastKnownFileType = sourcecode.swift; path = GameState.swift; sourceTree = "<group>"; };
		AA0000006 /* GameViewModel.swift */ = {isa = PBXFileReference; lastKnownFileType = sourcecode.swift; path = GameViewModel.swift; sourceTree = "<group>"; };
		AA0000007 /* PuzzleService.swift */ = {isa = PBXFileReference; lastKnownFileType = sourcecode.swift; path = PuzzleService.swift; sourceTree = "<group>"; };
		AA0000008 /* PersistenceService.swift */ = {isa = PBXFileReference; lastKnownFileType = sourcecode.swift; path = PersistenceService.swift; sourceTree = "<group>"; };
		AA0000009 /* Assets.xcassets */ = {isa = PBXFileReference; lastKnownFileType = folder.assetcatalog; path = Assets.xcassets; sourceTree = "<group>"; };
		AA0000010 /* Info.plist */ = {isa = PBXFileReference; lastKnownFileType = text.plist.xml; path = Info.plist; sourceTree = "<group>"; };
		AA0000011 /* CrossSums.app */ = {isa = PBXFileReference; explicitFileType = wrapper.application; includeInIndex = 0; path = CrossSums.app; sourceTree = BUILT_PRODUCTS_DIR; };
		AA0000012 /* GameView.swift */ = {isa = PBXFileReference; lastKnownFileType = sourcecode.swift; path = GameView.swift; sourceTree = "<group>"; };
		AA0000013 /* HelpView.swift */ = {isa = PBXFileReference; lastKnownFileType = sourcecode.swift; path = HelpView.swift; sourceTree = "<group>"; };
		AA0000014 /* puzzles.json */ = {isa = PBXFileReference; lastKnownFileType = text.json; path = puzzles.json; sourceTree = "<group>"; };
		AA0000015 /* PuzzleCellView.swift */ = {isa = PBXFileReference; lastKnownFileType = sourcecode.swift; path = PuzzleCellView.swift; sourceTree = "<group>"; };
		AA0000016 /* GridView.swift */ = {isa = PBXFileReference; lastKnownFileType = sourcecode.swift; path = GridView.swift; sourceTree = "<group>"; };
		AA0000017 /* HUDView.swift */ = {isa = PBXFileReference; lastKnownFileType = sourcecode.swift; path = HUDView.swift; sourceTree = "<group>"; };
		AA0000018 /* ControlsView.swift */ = {isa = PBXFileReference; lastKnownFileType = sourcecode.swift; path = ControlsView.swift; sourceTree = "<group>"; };
		AA0000019 /* LevelCompleteView.swift */ = {isa = PBXFileReference; lastKnownFileType = sourcecode.swift; path = LevelCompleteView.swift; sourceTree = "<group>"; };
/* End PBXFileReference section */

/* Begin PBXFrameworksBuildPhase section */
		AA0002001 /* Frameworks */ = {
			isa = PBXFrameworksBuildPhase;
			buildActionMask = 2147483647;
			files = (
			);
			runOnlyForDeploymentPostprocessing = 0;
		};
/* End PBXFrameworksBuildPhase section */

/* Begin PBXGroup section */
		AA0003001 = {
			isa = PBXGroup;
			children = (
				AA0003002 /* CrossSums */,
				AA0003003 /* Products */,
			);
			sourceTree = "<group>";
		};
		AA0003002 /* CrossSums */ = {
			isa = PBXGroup;
			children = (
				AA0000001 /* CrossSumsApp.swift */,
				AA0003004 /* Model */,
				AA0003005 /* ViewModel */,
				AA0003006 /* View */,
				AA0003007 /* Services */,
				AA0003008 /* Resources */,
				AA0000010 /* Info.plist */,
			);
			path = CrossSums;
			sourceTree = "<group>";
		};
		AA0003003 /* Products */ = {
			isa = PBXGroup;
			children = (
				AA0000011 /* CrossSums.app */,
			);
			name = Products;
			sourceTree = "<group>";
		};
		AA0003004 /* Model */ = {
			isa = PBXGroup;
			children = (
				AA0000003 /* Puzzle.swift */,
				AA0000004 /* PlayerProfile.swift */,
				AA0000005 /* GameState.swift */,
			);
			path = Model;
			sourceTree = "<group>";
		};
		AA0003005 /* ViewModel */ = {
			isa = PBXGroup;
			children = (
				AA0000006 /* GameViewModel.swift */,
			);
			path = ViewModel;
			sourceTree = "<group>";
		};
		AA0003006 /* View */ = {
			isa = PBXGroup;
			children = (
				AA0003009 /* MainMenu */,
				AA0003010 /* Game */,
				AA0003011 /* Popups */,
				AA0003012 /* Reusable */,
			);
			path = View;
			sourceTree = "<group>";
		};
		AA0003007 /* Services */ = {
			isa = PBXGroup;
			children = (
				AA0000007 /* PuzzleService.swift */,
				AA0000008 /* PersistenceService.swift */,
			);
			path = Services;
			sourceTree = "<group>";
		};
		AA0003008 /* Resources */ = {
			isa = PBXGroup;
			children = (
				AA0000009 /* Assets.xcassets */,
				AA0003013 /* Puzzles */,
			);
			path = Resources;
			sourceTree = "<group>";
		};
		AA0003009 /* MainMenu */ = {
			isa = PBXGroup;
			children = (
				AA0000002 /* MainMenuView.swift */,
			);
			path = MainMenu;
			sourceTree = "<group>";
		};
		AA0003010 /* Game */ = {
			isa = PBXGroup;
			children = (
				AA0000012 /* GameView.swift */,
				AA0000016 /* GridView.swift */,
				AA0000017 /* HUDView.swift */,
				AA0000018 /* ControlsView.swift */,
			);
			path = Game;
			sourceTree = "<group>";
		};
		AA0003011 /* Popups */ = {
			isa = PBXGroup;
			children = (
				AA0000013 /* HelpView.swift */,
				AA0000019 /* LevelCompleteView.swift */,
			);
			path = Popups;
			sourceTree = "<group>";
		};
		AA0003012 /* Reusable */ = {
			isa = PBXGroup;
			children = (
				AA0000015 /* PuzzleCellView.swift */,
			);
			path = Reusable;
			sourceTree = "<group>";
		};
		AA0003013 /* Puzzles */ = {
			isa = PBXGroup;
			children = (
				AA0000014 /* puzzles.json */,
			);
			path = Puzzles;
			sourceTree = "<group>";
		};
/* End PBXGroup section */

/* Begin PBXNativeTarget section */
		AA0004001 /* CrossSums */ = {
			isa = PBXNativeTarget;
			buildConfigurationList = AA0005002 /* Build configuration list for PBXNativeTarget "CrossSums" */;
			buildPhases = (
				AA0004002 /* Sources */,
				AA0002001 /* Frameworks */,
				AA0004003 /* Resources */,
			);
			buildRules = (
			);
			dependencies = (
			);
			name = CrossSums;
			productName = CrossSums;
			productReference = AA0000011 /* CrossSums.app */;
			productType = "com.apple.product-type.application";
		};
/* End PBXNativeTarget section */

/* Begin PBXProject section */
		AA0006001 /* Project object */ = {
			isa = PBXProject;
			attributes = {
				BuildIndependentTargetsInParallel = 1;
				LastSwiftUpdateCheck = 1500;
				LastUpgradeCheck = 1500;
				TargetAttributes = {
					AA0004001 = {
						CreatedOnToolsVersion = 15.0;
					};
				};
			};
			buildConfigurationList = AA0005001 /* Build configuration list for PBXProject "CrossSums" */;
			compatibilityVersion = "Xcode 14.0";
			developmentRegion = en;
			hasScannedForEncodings = 0;
			knownRegions = (
				en,
				Base,
			);
			mainGroup = AA0003001;
			productRefGroup = AA0003003 /* Products */;
			projectDirPath = "";
			projectRoot = "";
			targets = (
				AA0004001 /* CrossSums */,
			);
		};
/* End PBXProject section */

/* Begin PBXResourcesBuildPhase section */
		AA0004003 /* Resources */ = {
			isa = PBXResourcesBuildPhase;
			buildActionMask = 2147483647;
			files = (
				AA0001009 /* Assets.xcassets in Resources */,
				AA0001012 /* puzzles.json in Resources */,
			);
			runOnlyForDeploymentPostprocessing = 0;
		};
/* End PBXResourcesBuildPhase section */

/* Begin PBXSourcesBuildPhase section */
		AA0004002 /* Sources */ = {
			isa = PBXSourcesBuildPhase;
			buildActionMask = 2147483647;
			files = (
				AA0001001 /* CrossSumsApp.swift in Sources */,
				AA0001002 /* MainMenuView.swift in Sources */,
				AA0001003 /* Puzzle.swift in Sources */,
				AA0001004 /* PlayerProfile.swift in Sources */,
				AA0001005 /* GameState.swift in Sources */,
				AA0001006 /* GameViewModel.swift in Sources */,
				AA0001007 /* PuzzleService.swift in Sources */,
				AA0001008 /* PersistenceService.swift in Sources */,
				AA0001010 /* GameView.swift in Sources */,
				AA0001011 /* HelpView.swift in Sources */,
				AA0001013 /* PuzzleCellView.swift in Sources */,
				AA0001014 /* GridView.swift in Sources */,
				AA0001015 /* HUDView.swift in Sources */,
				AA0001016 /* ControlsView.swift in Sources */,
				AA0001017 /* LevelCompleteView.swift in Sources */,
			);
			runOnlyForDeploymentPostprocessing = 0;
		};
/* End PBXSourcesBuildPhase section */

/* Begin XCBuildConfiguration section */
		AA0005003 /* Debug */ = {
			isa = XCBuildConfiguration;
			buildSettings = {
				ALWAYS_SEARCH_USER_PATHS = NO;
				ASSETCATALOG_COMPILER_GENERATE_SWIFT_ASSET_SYMBOL_EXTENSIONS = YES;
				CLANG_ANALYZER_NONNULL = YES;
				CLANG_ANALYZER_NUMBER_OBJECT_CONVERSION = YES_AGGRESSIVE;
				CLANG_CXX_LANGUAGE_STANDARD = "gnu++20";
				CLANG_ENABLE_MODULES = YES;
				CLANG_ENABLE_OBJC_ARC = YES;
				CLANG_ENABLE_OBJC_WEAK = YES;
				CLANG_WARN_BLOCK_CAPTURE_AUTORELEASING = YES;
				CLANG_WARN_BOOL_CONVERSION = YES;
				CLANG_WARN_COMMA = YES;
				CLANG_WARN_CONSTANT_CONVERSION = YES;
				CLANG_WARN_DEPRECATED_OBJC_IMPLEMENTATIONS = YES;
				CLANG_WARN_DIRECT_OBJC_ISA_USAGE = YES_ERROR;
				CLANG_WARN_DOCUMENTATION_COMMENTS = YES;
				CLANG_WARN_EMPTY_BODY = YES;
				CLANG_WARN_ENUM_CONVERSION = YES;
				CLANG_WARN_INFINITE_RECURSION = YES;
				CLANG_WARN_INT_CONVERSION = YES;
				CLANG_WARN_NON_LITERAL_NULL_CONVERSION = YES;
				CLANG_WARN_OBJC_IMPLICIT_RETAIN_SELF = YES;
				CLANG_WARN_OBJC_LITERAL_CONVERSION = YES;
				CLANG_WARN_OBJC_ROOT_CLASS = YES_ERROR;
				CLANG_WARN_QUOTED_INCLUDE_IN_FRAMEWORK_HEADER = YES;
				CLANG_WARN_RANGE_LOOP_ANALYSIS = YES;
				CLANG_WARN_STRICT_PROTOTYPES = YES;
				CLANG_WARN_SUSPICIOUS_MOVE = YES;
				CLANG_WARN_UNGUARDED_AVAILABILITY = YES_AGGRESSIVE;
				CLANG_WARN_UNREACHABLE_CODE = YES;
				CLANG_WARN__DUPLICATE_METHOD_MATCH = YES;
				COPY_PHASE_STRIP = NO;
				DEBUG_INFORMATION_FORMAT = dwarf;
				ENABLE_STRICT_OBJC_MSGSEND = YES;
				ENABLE_TESTABILITY = YES;
				ENABLE_USER_SCRIPT_SANDBOXING = YES;
				GCC_C_LANGUAGE_STANDARD = gnu17;
				GCC_DYNAMIC_NO_PIC = NO;
				GCC_NO_COMMON_BLOCKS = YES;
				GCC_OPTIMIZATION_LEVEL = 0;
				GCC_PREPROCESSOR_DEFINITIONS = (
					"DEBUG=1",
					"$(inherited)",
				);
				GCC_WARN_64_TO_32_BIT_CONVERSION = YES;
				GCC_WARN_ABOUT_RETURN_TYPE = YES_ERROR;
				GCC_WARN_UNDECLARED_SELECTOR = YES;
				GCC_WARN_UNINITIALIZED_AUTOS = YES_AGGRESSIVE;
				GCC_WARN_UNUSED_FUNCTION = YES;
				GCC_WARN_UNUSED_VARIABLE = YES;
				IPHONEOS_DEPLOYMENT_TARGET = 18.0;
				LOCALIZATION_PREFERS_STRING_CATALOGS = YES;
				MTL_ENABLE_DEBUG_INFO = INCLUDE_SOURCE;
				MTL_FAST_MATH = YES;
				ONLY_ACTIVE_ARCH = YES;
				SDKROOT = iphoneos;
				SWIFT_ACTIVE_COMPILATION_CONDITIONS = "DEBUG $(inherited)";
				SWIFT_OPTIMIZATION_LEVEL = "-Onone";
			};
			name = Debug;
		};
		AA0005004 /* Release */ = {
			isa = XCBuildConfiguration;
			buildSettings = {
				ALWAYS_SEARCH_USER_PATHS = NO;
				ASSETCATALOG_COMPILER_GENERATE_SWIFT_ASSET_SYMBOL_EXTENSIONS = YES;
				CLANG_ANALYZER_NONNULL = YES;
				CLANG_ANALYZER_NUMBER_OBJECT_CONVERSION = YES_AGGRESSIVE;
				CLANG_CXX_LANGUAGE_STANDARD = "gnu++20";
				CLANG_ENABLE_MODULES = YES;
				CLANG_ENABLE_OBJC_ARC = YES;
				CLANG_ENABLE_OBJC_WEAK = YES;
				CLANG_WARN_BLOCK_CAPTURE_AUTORELEASING = YES;
				CLANG_WARN_BOOL_CONVERSION = YES;
				CLANG_WARN_COMMA = YES;
				CLANG_WARN_CONSTANT_CONVERSION = YES;
				CLANG_WARN_DEPRECATED_OBJC_IMPLEMENTATIONS = YES;
				CLANG_WARN_DIRECT_OBJC_ISA_USAGE = YES_ERROR;
				CLANG_WARN_DOCUMENTATION_COMMENTS = YES;
				CLANG_WARN_EMPTY_BODY = YES;
				CLANG_WARN_ENUM_CONVERSION = YES;
				CLANG_WARN_INFINITE_RECURSION = YES;
				CLANG_WARN_INT_CONVERSION = YES;
				CLANG_WARN_NON_LITERAL_NULL_CONVERSION = YES;
				CLANG_WARN_OBJC_IMPLICIT_RETAIN_SELF = YES;
				CLANG_WARN_OBJC_LITERAL_CONVERSION = YES;
				CLANG_WARN_OBJC_ROOT_CLASS = YES_ERROR;
				CLANG_WARN_QUOTED_INCLUDE_IN_FRAMEWORK_HEADER = YES;
				CLANG_WARN_RANGE_LOOP_ANALYSIS = YES;
				CLANG_WARN_STRICT_PROTOTYPES = YES;
				CLANG_WARN_SUSPICIOUS_MOVE = YES;
				CLANG_WARN_UNGUARDED_AVAILABILITY = YES_AGGRESSIVE;
				CLANG_WARN_UNREACHABLE_CODE = YES;
				CLANG_WARN__DUPLICATE_METHOD_MATCH = YES;
				COPY_PHASE_STRIP = NO;
				DEBUG_INFORMATION_FORMAT = "dwarf-with-dsym";
				ENABLE_NS_ASSERTIONS = NO;
				ENABLE_STRICT_OBJC_MSGSEND = YES;
				ENABLE_USER_SCRIPT_SANDBOXING = YES;
				GCC_C_LANGUAGE_STANDARD = gnu17;
				GCC_NO_COMMON_BLOCKS = YES;
				GCC_WARN_64_TO_32_BIT_CONVERSION = YES;
				GCC_WARN_ABOUT_RETURN_TYPE = YES_ERROR;
				GCC_WARN_UNDECLARED_SELECTOR = YES;
				GCC_WARN_UNINITIALIZED_AUTOS = YES_AGGRESSIVE;
				GCC_WARN_UNUSED_FUNCTION = YES;
				GCC_WARN_UNUSED_VARIABLE = YES;
				IPHONEOS_DEPLOYMENT_TARGET = 18.0;
				LOCALIZATION_PREFERS_STRING_CATALOGS = YES;
				MTL_ENABLE_DEBUG_INFO = NO;
				MTL_FAST_MATH = YES;
				SDKROOT = iphoneos;
				SWIFT_COMPILATION_MODE = wholemodule;
				VALIDATE_PRODUCT = YES;
			};
			name = Release;
		};
		AA0005005 /* Debug */ = {
			isa = XCBuildConfiguration;
			buildSettings = {
				ASSETCATALOG_COMPILER_APPICON_NAME = AppIcon;
				ASSETCATALOG_COMPILER_GLOBAL_ACCENT_COLOR_NAME = AccentColor;
				CODE_SIGN_STYLE = Automatic;
				CURRENT_PROJECT_VERSION = 1;
				DEVELOPMENT_TEAM = J4QUKKF6V3;
				GENERATE_INFOPLIST_FILE = NO;
				INFOPLIST_FILE = CrossSums/Info.plist;
				INFOPLIST_KEY_UIApplicationSceneManifest_Generation = YES;
				INFOPLIST_KEY_UIApplicationSupportsIndirectInputEvents = YES;
				INFOPLIST_KEY_UILaunchScreen_Generation = YES;
				INFOPLIST_KEY_UISupportedInterfaceOrientations = UIInterfaceOrientationPortrait;
				INFOPLIST_KEY_UISupportedInterfaceOrientations_iPad = "UIInterfaceOrientationLandscapeLeft UIInterfaceOrientationLandscapeRight UIInterfaceOrientationPortrait UIInterfaceOrientationPortraitUpsideDown";
				IPHONEOS_DEPLOYMENT_TARGET = 18.0;
				LD_RUNPATH_SEARCH_PATHS = (
					"$(inherited)",
					"@executable_path/Frameworks",
				);
				MARKETING_VERSION = 1.0;
				PRODUCT_BUNDLE_IDENTIFIER = com.crosssums.app;
				PRODUCT_NAME = "$(TARGET_NAME)";
				SUPPORTED_PLATFORMS = "iphoneos iphonesimulator";
				SUPPORTS_MACCATALYST = NO;
				SUPPORTS_MAC_DESIGNED_FOR_IPHONE_IPAD = NO;
				SWIFT_EMIT_LOC_STRINGS = YES;
				SWIFT_VERSION = 5.0;
				TARGETED_DEVICE_FAMILY = "1,2";
			};
			name = Debug;
		};
		AA0005006 /* Release */ = {
			isa = XCBuildConfiguration;
			buildSettings = {
				ASSETCATALOG_COMPILER_APPICON_NAME = AppIcon;
				ASSETCATALOG_COMPILER_GLOBAL_ACCENT_COLOR_NAME = AccentColor;
				CODE_SIGN_STYLE = Automatic;
				CURRENT_PROJECT_VERSION = 1;
				DEVELOPMENT_TEAM = J4QUKKF6V3;
				GENERATE_INFOPLIST_FILE = NO;
				INFOPLIST_FILE = CrossSums/Info.plist;
				INFOPLIST_KEY_UIApplicationSceneManifest_Generation = YES;
				INFOPLIST_KEY_UIApplicationSupportsIndirectInputEvents = YES;
				INFOPLIST_KEY_UILaunchScreen_Generation = YES;
				INFOPLIST_KEY_UISupportedInterfaceOrientations = UIInterfaceOrientationPortrait;
				INFOPLIST_KEY_UISupportedInterfaceOrientations_iPad = "UIInterfaceOrientationLandscapeLeft UIInterfaceOrientationLandscapeRight UIInterfaceOrientationPortrait UIInterfaceOrientationPortraitUpsideDown";
				IPHONEOS_DEPLOYMENT_TARGET = 18.0;
				LD_RUNPATH_SEARCH_PATHS = (
					"$(inherited)",
					"@executable_path/Frameworks",
				);
				MARKETING_VERSION = 1.0;
				PRODUCT_BUNDLE_IDENTIFIER = com.crosssums.app;
				PRODUCT_NAME = "$(TARGET_NAME)";
				SUPPORTED_PLATFORMS = "iphoneos iphonesimulator";
				SUPPORTS_MACCATALYST = NO;
				SUPPORTS_MAC_DESIGNED_FOR_IPHONE_IPAD = NO;
				SWIFT_EMIT_LOC_STRINGS = YES;
				SWIFT_VERSION = 5.0;
				TARGETED_DEVICE_FAMILY = "1,2";
			};
			name = Release;
		};
/* End XCBuildConfiguration section */

/* Begin XCConfigurationList section */
		AA0005001 /* Build configuration list for PBXProject "CrossSums" */ = {
			isa = XCConfigurationList;
			buildConfigurations = (
				AA0005003 /* Debug */,
				AA0005004 /* Release */,
			);
			defaultConfigurationIsVisible = 0;
			defaultConfigurationName = Release;
		};
		AA0005002 /* Build configuration list for PBXNativeTarget "CrossSums" */ = {
			isa = XCConfigurationList;
			buildConfigurations = (
				AA0005005 /* Debug */,
				AA0005006 /* Release */,
			);
			defaultConfigurationIsVisible = 0;
			defaultConfigurationName = Release;
		};
/* End XCConfigurationList section */
	};
	rootObject = AA0006001 /* Project object */;
}
